// !$*UTF8*$!
{
	archiveVersion = 1;
	classes = {
	};
	objectVersion = 56;
	objects = {

/* Begin PBXBuildFile section */
		2CF39EC529C6A9C5002D1267 /* dynamic_island_tutorialApp.swift in Sources */ = {isa = PBXBuildFile; fileRef = 2CF39EC429C6A9C5002D1267 /* dynamic_island_tutorialApp.swift */; };
		2CF39EC729C6A9C5002D1267 /* ContentView.swift in Sources */ = {isa = PBXBuildFile; fileRef = 2CF39EC629C6A9C5002D1267 /* ContentView.swift */; };
		2CF39EC929C6A9C6002D1267 /* Assets.xcassets in Resources */ = {isa = PBXBuildFile; fileRef = 2CF39EC829C6A9C6002D1267 /* Assets.xcassets */; };
		2CF39ECD29C6A9C6002D1267 /* Preview Assets.xcassets in Resources */ = {isa = PBXBuildFile; fileRef = 2CF39ECC29C6A9C6002D1267 /* Preview Assets.xcassets */; };
		2CF39EDA29C6A9FE002D1267 /* WidgetKit.framework in Frameworks */ = {isa = PBXBuildFile; fileRef = 2CF39ED929C6A9FE002D1267 /* WidgetKit.framework */; };
		2CF39EDC29C6A9FE002D1267 /* SwiftUI.framework in Frameworks */ = {isa = PBXBuildFile; fileRef = 2CF39EDB29C6A9FE002D1267 /* SwiftUI.framework */; };
		2CF39EDF29C6A9FE002D1267 /* MusicPlayerBundle.swift in Sources */ = {isa = PBXBuildFile; fileRef = 2CF39EDE29C6A9FE002D1267 /* MusicPlayerBundle.swift */; };
		2CF39EE129C6A9FE002D1267 /* MusicPlayerLiveActivity.swift in Sources */ = {isa = PBXBuildFile; fileRef = 2CF39EE029C6A9FE002D1267 /* MusicPlayerLiveActivity.swift */; };
		2CF39EE329C6A9FE002D1267 /* MusicPlayer.swift in Sources */ = {isa = PBXBuildFile; fileRef = 2CF39EE229C6A9FE002D1267 /* MusicPlayer.swift */; };
		2CF39EE629C6A9FF002D1267 /* Assets.xcassets in Resources */ = {isa = PBXBuildFile; fileRef = 2CF39EE529C6A9FF002D1267 /* Assets.xcassets */; };
		2CF39EE829C6A9FF002D1267 /* MusicPlayer.intentdefinition in Sources */ = {isa = PBXBuildFile; fileRef = 2CF39EE429C6A9FE002D1267 /* MusicPlayer.intentdefinition */; };
		2CF39EE929C6A9FF002D1267 /* MusicPlayer.intentdefinition in Sources */ = {isa = PBXBuildFile; fileRef = 2CF39EE429C6A9FE002D1267 /* MusicPlayer.intentdefinition */; };
		2CF39EEC29C6A9FF002D1267 /* MusicPlayerExtension.appex in Embed Foundation Extensions */ = {isa = PBXBuildFile; fileRef = 2CF39ED729C6A9FE002D1267 /* MusicPlayerExtension.appex */; settings = {ATTRIBUTES = (RemoveHeadersOnCopy, ); }; };
		2CF39EF529C6AAE9002D1267 /* Song.swift in Sources */ = {isa = PBXBuildFile; fileRef = 2CF39EF429C6AAE9002D1267 /* Song.swift */; };
		2CF39EF729C6AB0F002D1267 /* SeventiesPlaylist.swift in Sources */ = {isa = PBXBuildFile; fileRef = 2CF39EF629C6AB0F002D1267 /* SeventiesPlaylist.swift */; };
		2CF39EF829C6AB19002D1267 /* Song.swift in Sources */ = {isa = PBXBuildFile; fileRef = 2CF39EF429C6AAE9002D1267 /* Song.swift */; };
		2CF39EF929C6AB1C002D1267 /* SeventiesPlaylist.swift in Sources */ = {isa = PBXBuildFile; fileRef = 2CF39EF629C6AB0F002D1267 /* SeventiesPlaylist.swift */; };
		2CF39EFA29C6AB2A002D1267 /* Assets.xcassets in Resources */ = {isa = PBXBuildFile; fileRef = 2CF39EC829C6A9C6002D1267 /* Assets.xcassets */; };
		2CF39EFB29C6AC1C002D1267 /* MusicPlayerLiveActivityViews.swift in Sources */ = {isa = PBXBuildFile; fileRef = 2CF39EF129C6AAB1002D1267 /* MusicPlayerLiveActivityViews.swift */; };
/* End PBXBuildFile section */

/* Begin PBXContainerItemProxy section */
		2CF39EEA29C6A9FF002D1267 /* PBXContainerItemProxy */ = {
			isa = PBXContainerItemProxy;
			containerPortal = 2CF39EB929C6A9C5002D1267 /* Project object */;
			proxyType = 1;
			remoteGlobalIDString = 2CF39ED629C6A9FE002D1267;
			remoteInfo = "music-playerExtension";
		};
/* End PBXContainerItemProxy section */

/* Begin PBXCopyFilesBuildPhase section */
		2CF39EF029C6A9FF002D1267 /* Embed Foundation Extensions */ = {
			isa = PBXCopyFilesBuildPhase;
			buildActionMask = 2147483647;
			dstPath = "";
			dstSubfolderSpec = 13;
			files = (
				2CF39EEC29C6A9FF002D1267 /* MusicPlayerExtension.appex in Embed Foundation Extensions */,
			);
			name = "Embed Foundation Extensions";
			runOnlyForDeploymentPostprocessing = 0;
		};
/* End PBXCopyFilesBuildPhase section */

/* Begin PBXFileReference section */
		2CF39EC129C6A9C5002D1267 /* dynamic-island-tutorial.app */ = {isa = PBXFileReference; explicitFileType = wrapper.application; includeInIndex = 0; path = "dynamic-island-tutorial.app"; sourceTree = BUILT_PRODUCTS_DIR; };
		2CF39EC429C6A9C5002D1267 /* dynamic_island_tutorialApp.swift */ = {isa = PBXFileReference; lastKnownFileType = sourcecode.swift; path = dynamic_island_tutorialApp.swift; sourceTree = "<group>"; };
		2CF39EC629C6A9C5002D1267 /* ContentView.swift */ = {isa = PBXFileReference; lastKnownFileType = sourcecode.swift; path = ContentView.swift; sourceTree = "<group>"; };
		2CF39EC829C6A9C6002D1267 /* Assets.xcassets */ = {isa = PBXFileReference; lastKnownFileType = folder.assetcatalog; path = Assets.xcassets; sourceTree = "<group>"; };
		2CF39ECA29C6A9C6002D1267 /* dynamic_island_tutorial.entitlements */ = {isa = PBXFileReference; lastKnownFileType = text.plist.entitlements; path = dynamic_island_tutorial.entitlements; sourceTree = "<group>"; };
		2CF39ECC29C6A9C6002D1267 /* Preview Assets.xcassets */ = {isa = PBXFileReference; lastKnownFileType = folder.assetcatalog; path = "Preview Assets.xcassets"; sourceTree = "<group>"; };
		2CF39ED729C6A9FE002D1267 /* MusicPlayerExtension.appex */ = {isa = PBXFileReference; explicitFileType = "wrapper.app-extension"; includeInIndex = 0; path = MusicPlayerExtension.appex; sourceTree = BUILT_PRODUCTS_DIR; };
		2CF39ED929C6A9FE002D1267 /* WidgetKit.framework */ = {isa = PBXFileReference; lastKnownFileType = wrapper.framework; name = WidgetKit.framework; path = System/Library/Frameworks/WidgetKit.framework; sourceTree = SDKROOT; };
		2CF39EDB29C6A9FE002D1267 /* SwiftUI.framework */ = {isa = PBXFileReference; lastKnownFileType = wrapper.framework; name = SwiftUI.framework; path = System/Library/Frameworks/SwiftUI.framework; sourceTree = SDKROOT; };
		2CF39EDE29C6A9FE002D1267 /* MusicPlayerBundle.swift */ = {isa = PBXFileReference; lastKnownFileType = sourcecode.swift; path = MusicPlayerBundle.swift; sourceTree = "<group>"; };
		2CF39EE029C6A9FE002D1267 /* MusicPlayerLiveActivity.swift */ = {isa = PBXFileReference; lastKnownFileType = sourcecode.swift; path = MusicPlayerLiveActivity.swift; sourceTree = "<group>"; };
		2CF39EE229C6A9FE002D1267 /* MusicPlayer.swift */ = {isa = PBXFileReference; lastKnownFileType = sourcecode.swift; path = MusicPlayer.swift; sourceTree = "<group>"; };
		2CF39EE429C6A9FE002D1267 /* MusicPlayer.intentdefinition */ = {isa = PBXFileReference; lastKnownFileType = file.intentdefinition; path = MusicPlayer.intentdefinition; sourceTree = "<group>"; };
		2CF39EE529C6A9FF002D1267 /* Assets.xcassets */ = {isa = PBXFileReference; lastKnownFileType = folder.assetcatalog; path = Assets.xcassets; sourceTree = "<group>"; };
		2CF39EE729C6A9FF002D1267 /* Info.plist */ = {isa = PBXFileReference; lastKnownFileType = text.plist.xml; path = Info.plist; sourceTree = "<group>"; };
		2CF39EF129C6AAB1002D1267 /* MusicPlayerLiveActivityViews.swift */ = {isa = PBXFileReference; lastKnownFileType = sourcecode.swift; path = MusicPlayerLiveActivityViews.swift; sourceTree = "<group>"; };
		2CF39EF429C6AAE9002D1267 /* Song.swift */ = {isa = PBXFileReference; lastKnownFileType = sourcecode.swift; path = Song.swift; sourceTree = "<group>"; };
		2CF39EF629C6AB0F002D1267 /* SeventiesPlaylist.swift */ = {isa = PBXFileReference; lastKnownFileType = sourcecode.swift; path = SeventiesPlaylist.swift; sourceTree = "<group>"; };
/* End PBXFileReference section */

/* Begin PBXFrameworksBuildPhase section */
		2CF39EBE29C6A9C5002D1267 /* Frameworks */ = {
			isa = PBXFrameworksBuildPhase;
			buildActionMask = 2147483647;
			files = (
			);
			runOnlyForDeploymentPostprocessing = 0;
		};
		2CF39ED429C6A9FE002D1267 /* Frameworks */ = {
			isa = PBXFrameworksBuildPhase;
			buildActionMask = 2147483647;
			files = (
				2CF39EDC29C6A9FE002D1267 /* SwiftUI.framework in Frameworks */,
				2CF39EDA29C6A9FE002D1267 /* WidgetKit.framework in Frameworks */,
			);
			runOnlyForDeploymentPostprocessing = 0;
		};
/* End PBXFrameworksBuildPhase section */

/* Begin PBXGroup section */
		2CF39EB829C6A9C5002D1267 = {
			isa = PBXGroup;
			children = (
				2CF39EC329C6A9C5002D1267 /* dynamic-island-tutorial */,
				2CF39EDD29C6A9FE002D1267 /* MusicPlayer */,
				2CF39ED829C6A9FE002D1267 /* Frameworks */,
				2CF39EC229C6A9C5002D1267 /* Products */,
			);
			sourceTree = "<group>";
		};
		2CF39EC229C6A9C5002D1267 /* Products */ = {
			isa = PBXGroup;
			children = (
				2CF39EC129C6A9C5002D1267 /* dynamic-island-tutorial.app */,
				2CF39ED729C6A9FE002D1267 /* MusicPlayerExtension.appex */,
			);
			name = Products;
			sourceTree = "<group>";
		};
		2CF39EC329C6A9C5002D1267 /* dynamic-island-tutorial */ = {
			isa = PBXGroup;
			children = (
				2CF39EF329C6AADE002D1267 /* Resources */,
				2CF39EC429C6A9C5002D1267 /* dynamic_island_tutorialApp.swift */,
				2CF39EC629C6A9C5002D1267 /* ContentView.swift */,
				2CF39ECA29C6A9C6002D1267 /* dynamic_island_tutorial.entitlements */,
				2CF39ECB29C6A9C6002D1267 /* Preview Content */,
			);
			path = "dynamic-island-tutorial";
			sourceTree = "<group>";
		};
		2CF39ECB29C6A9C6002D1267 /* Preview Content */ = {
			isa = PBXGroup;
			children = (
				2CF39ECC29C6A9C6002D1267 /* Preview Assets.xcassets */,
			);
			path = "Preview Content";
			sourceTree = "<group>";
		};
		2CF39ED829C6A9FE002D1267 /* Frameworks */ = {
			isa = PBXGroup;
			children = (
				2CF39ED929C6A9FE002D1267 /* WidgetKit.framework */,
				2CF39EDB29C6A9FE002D1267 /* SwiftUI.framework */,
			);
			name = Frameworks;
			sourceTree = "<group>";
		};
		2CF39EDD29C6A9FE002D1267 /* MusicPlayer */ = {
			isa = PBXGroup;
			children = (
				2CF39EDE29C6A9FE002D1267 /* MusicPlayerBundle.swift */,
				2CF39EE029C6A9FE002D1267 /* MusicPlayerLiveActivity.swift */,
				2CF39EE229C6A9FE002D1267 /* MusicPlayer.swift */,
				2CF39EE429C6A9FE002D1267 /* MusicPlayer.intentdefinition */,
				2CF39EE529C6A9FF002D1267 /* Assets.xcassets */,
				2CF39EE729C6A9FF002D1267 /* Info.plist */,
				2CF39EF129C6AAB1002D1267 /* MusicPlayerLiveActivityViews.swift */,
			);
			path = MusicPlayer;
			sourceTree = "<group>";
		};
		2CF39EF329C6AADE002D1267 /* Resources */ = {
			isa = PBXGroup;
			children = (
				2CF39EC829C6A9C6002D1267 /* Assets.xcassets */,
				2CF39EF429C6AAE9002D1267 /* Song.swift */,
				2CF39EF629C6AB0F002D1267 /* SeventiesPlaylist.swift */,
			);
			path = Resources;
			sourceTree = "<group>";
		};
/* End PBXGroup section */

/* Begin PBXNativeTarget section */
		2CF39EC029C6A9C5002D1267 /* dynamic-island-tutorial */ = {
			isa = PBXNativeTarget;
			buildConfigurationList = 2CF39ED029C6A9C6002D1267 /* Build configuration list for PBXNativeTarget "dynamic-island-tutorial" */;
			buildPhases = (
				2CF39EBD29C6A9C5002D1267 /* Sources */,
				2CF39EBE29C6A9C5002D1267 /* Frameworks */,
				2CF39EBF29C6A9C5002D1267 /* Resources */,
				2CF39EF029C6A9FF002D1267 /* Embed Foundation Extensions */,
			);
			buildRules = (
			);
			dependencies = (
				2CF39EEB29C6A9FF002D1267 /* PBXTargetDependency */,
			);
			name = "dynamic-island-tutorial";
			productName = "dynamic-island-tutorial";
			productReference = 2CF39EC129C6A9C5002D1267 /* dynamic-island-tutorial.app */;
			productType = "com.apple.product-type.application";
		};
		2CF39ED629C6A9FE002D1267 /* MusicPlayerExtension */ = {
			isa = PBXNativeTarget;
			buildConfigurationList = 2CF39EED29C6A9FF002D1267 /* Build configuration list for PBXNativeTarget "MusicPlayerExtension" */;
			buildPhases = (
				2CF39ED329C6A9FE002D1267 /* Sources */,
				2CF39ED429C6A9FE002D1267 /* Frameworks */,
				2CF39ED529C6A9FE002D1267 /* Resources */,
			);
			buildRules = (
			);
			dependencies = (
			);
			name = MusicPlayerExtension;
			productName = "music-playerExtension";
			productReference = 2CF39ED729C6A9FE002D1267 /* MusicPlayerExtension.appex */;
			productType = "com.apple.product-type.app-extension";
		};
/* End PBXNativeTarget section */

/* Begin PBXProject section */
		2CF39EB929C6A9C5002D1267 /* Project object */ = {
			isa = PBXProject;
			attributes = {
				BuildIndependentTargetsInParallel = 1;
				LastSwiftUpdateCheck = 1420;
				LastUpgradeCheck = 1420;
				TargetAttributes = {
					2CF39EC029C6A9C5002D1267 = {
						CreatedOnToolsVersion = 14.2;
					};
					2CF39ED629C6A9FE002D1267 = {
						CreatedOnToolsVersion = 14.2;
					};
				};
			};
			buildConfigurationList = 2CF39EBC29C6A9C5002D1267 /* Build configuration list for PBXProject "dynamic-island-tutorial" */;
			compatibilityVersion = "Xcode 14.0";
			developmentRegion = en;
			hasScannedForEncodings = 0;
			knownRegions = (
				en,
				Base,
			);
			mainGroup = 2CF39EB829C6A9C5002D1267;
			productRefGroup = 2CF39EC229C6A9C5002D1267 /* Products */;
			projectDirPath = "";
			projectRoot = "";
			targets = (
				2CF39EC029C6A9C5002D1267 /* dynamic-island-tutorial */,
				2CF39ED629C6A9FE002D1267 /* MusicPlayerExtension */,
			);
		};
/* End PBXProject section */

/* Begin PBXResourcesBuildPhase section */
		2CF39EBF29C6A9C5002D1267 /* Resources */ = {
			isa = PBXResourcesBuildPhase;
			buildActionMask = 2147483647;
			files = (
				2CF39ECD29C6A9C6002D1267 /* Preview Assets.xcassets in Resources */,
				2CF39EC929C6A9C6002D1267 /* Assets.xcassets in Resources */,
			);
			runOnlyForDeploymentPostprocessing = 0;
		};
		2CF39ED529C6A9FE002D1267 /* Resources */ = {
			isa = PBXResourcesBuildPhase;
			buildActionMask = 2147483647;
			files = (
				2CF39EFA29C6AB2A002D1267 /* Assets.xcassets in Resources */,
				2CF39EE629C6A9FF002D1267 /* Assets.xcassets in Resources */,
			);
			runOnlyForDeploymentPostprocessing = 0;
		};
/* End PBXResourcesBuildPhase section */

/* Begin PBXSourcesBuildPhase section */
		2CF39EBD29C6A9C5002D1267 /* Sources */ = {
			isa = PBXSourcesBuildPhase;
			buildActionMask = 2147483647;
			files = (
				2CF39EC729C6A9C5002D1267 /* ContentView.swift in Sources */,
				2CF39EE929C6A9FF002D1267 /* MusicPlayer.intentdefinition in Sources */,
				2CF39EC529C6A9C5002D1267 /* dynamic_island_tutorialApp.swift in Sources */,
				2CF39EF729C6AB0F002D1267 /* SeventiesPlaylist.swift in Sources */,
				2CF39EF529C6AAE9002D1267 /* Song.swift in Sources */,
			);
			runOnlyForDeploymentPostprocessing = 0;
		};
		2CF39ED329C6A9FE002D1267 /* Sources */ = {
			isa = PBXSourcesBuildPhase;
			buildActionMask = 2147483647;
			files = (
				2CF39EE329C6A9FE002D1267 /* MusicPlayer.swift in Sources */,
				2CF39EDF29C6A9FE002D1267 /* MusicPlayerBundle.swift in Sources */,
				2CF39EFB29C6AC1C002D1267 /* MusicPlayerLiveActivityViews.swift in Sources */,
				2CF39EE129C6A9FE002D1267 /* MusicPlayerLiveActivity.swift in Sources */,
				2CF39EE829C6A9FF002D1267 /* MusicPlayer.intentdefinition in Sources */,
				2CF39EF929C6AB1C002D1267 /* SeventiesPlaylist.swift in Sources */,
				2CF39EF829C6AB19002D1267 /* Song.swift in Sources */,
			);
			runOnlyForDeploymentPostprocessing = 0;
		};
/* End PBXSourcesBuildPhase section */

/* Begin PBXTargetDependency section */
		2CF39EEB29C6A9FF002D1267 /* PBXTargetDependency */ = {
			isa = PBXTargetDependency;
			target = 2CF39ED629C6A9FE002D1267 /* MusicPlayerExtension */;
			targetProxy = 2CF39EEA29C6A9FF002D1267 /* PBXContainerItemProxy */;
		};
/* End PBXTargetDependency section */

/* Begin XCBuildConfiguration section */
		2CF39ECE29C6A9C6002D1267 /* Debug */ = {
			isa = XCBuildConfiguration;
			buildSettings = {
				ALWAYS_SEARCH_USER_PATHS = NO;
				CLANG_ANALYZER_NONNULL = YES;
				CLANG_ANALYZER_NUMBER_OBJECT_CONVERSION = YES_AGGRESSIVE;
				CLANG_CXX_LANGUAGE_STANDARD = "gnu++20";
				CLANG_ENABLE_MODULES = YES;
				CLANG_ENABLE_OBJC_ARC = YES;
				CLANG_ENABLE_OBJC_WEAK = YES;
				CLANG_WARN_BLOCK_CAPTURE_AUTORELEASING = YES;
				CLANG_WARN_BOOL_CONVERSION = YES;
				CLANG_WARN_COMMA = YES;
				CLANG_WARN_CONSTANT_CONVERSION = YES;
				CLANG_WARN_DEPRECATED_OBJC_IMPLEMENTATIONS = YES;
				CLANG_WARN_DIRECT_OBJC_ISA_USAGE = YES_ERROR;
				CLANG_WARN_DOCUMENTATION_COMMENTS = YES;
				CLANG_WARN_EMPTY_BODY = YES;
				CLANG_WARN_ENUM_CONVERSION = YES;
				CLANG_WARN_INFINITE_RECURSION = YES;
				CLANG_WARN_INT_CONVERSION = YES;
				CLANG_WARN_NON_LITERAL_NULL_CONVERSION = YES;
				CLANG_WARN_OBJC_IMPLICIT_RETAIN_SELF = YES;
				CLANG_WARN_OBJC_LITERAL_CONVERSION = YES;
				CLANG_WARN_OBJC_ROOT_CLASS = YES_ERROR;
				CLANG_WARN_QUOTED_INCLUDE_IN_FRAMEWORK_HEADER = YES;
				CLANG_WARN_RANGE_LOOP_ANALYSIS = YES;
				CLANG_WARN_STRICT_PROTOTYPES = YES;
				CLANG_WARN_SUSPICIOUS_MOVE = YES;
				CLANG_WARN_UNGUARDED_AVAILABILITY = YES_AGGRESSIVE;
				CLANG_WARN_UNREACHABLE_CODE = YES;
				CLANG_WARN__DUPLICATE_METHOD_MATCH = YES;
				COPY_PHASE_STRIP = NO;
				DEBUG_INFORMATION_FORMAT = dwarf;
				ENABLE_STRICT_OBJC_MSGSEND = YES;
				ENABLE_TESTABILITY = YES;
				GCC_C_LANGUAGE_STANDARD = gnu11;
				GCC_DYNAMIC_NO_PIC = NO;
				GCC_NO_COMMON_BLOCKS = YES;
				GCC_OPTIMIZATION_LEVEL = 0;
				GCC_PREPROCESSOR_DEFINITIONS = (
					"DEBUG=1",
					"$(inherited)",
				);
				GCC_WARN_64_TO_32_BIT_CONVERSION = YES;
				GCC_WARN_ABOUT_RETURN_TYPE = YES_ERROR;
				GCC_WARN_UNDECLARED_SELECTOR = YES;
				GCC_WARN_UNINITIALIZED_AUTOS = YES_AGGRESSIVE;
				GCC_WARN_UNUSED_FUNCTION = YES;
				GCC_WARN_UNUSED_VARIABLE = YES;
				MTL_ENABLE_DEBUG_INFO = INCLUDE_SOURCE;
				MTL_FAST_MATH = YES;
				ONLY_ACTIVE_ARCH = YES;
				SWIFT_ACTIVE_COMPILATION_CONDITIONS = DEBUG;
				SWIFT_OPTIMIZATION_LEVEL = "-Onone";
			};
			name = Debug;
		};
		2CF39ECF29C6A9C6002D1267 /* Release */ = {
			isa = XCBuildConfiguration;
			buildSettings = {
				ALWAYS_SEARCH_USER_PATHS = NO;
				CLANG_ANALYZER_NONNULL = YES;
				CLANG_ANALYZER_NUMBER_OBJECT_CONVERSION = YES_AGGRESSIVE;
				CLANG_CXX_LANGUAGE_STANDARD = "gnu++20";
				CLANG_ENABLE_MODULES = YES;
				CLANG_ENABLE_OBJC_ARC = YES;
				CLANG_ENABLE_OBJC_WEAK = YES;
				CLANG_WARN_BLOCK_CAPTURE_AUTORELEASING = YES;
				CLANG_WARN_BOOL_CONVERSION = YES;
				CLANG_WARN_COMMA = YES;
				CLANG_WARN_CONSTANT_CONVERSION = YES;
				CLANG_WARN_DEPRECATED_OBJC_IMPLEMENTATIONS = YES;
				CLANG_WARN_DIRECT_OBJC_ISA_USAGE = YES_ERROR;
				CLANG_WARN_DOCUMENTATION_COMMENTS = YES;
				CLANG_WARN_EMPTY_BODY = YES;
				CLANG_WARN_ENUM_CONVERSION = YES;
				CLANG_WARN_INFINITE_RECURSION = YES;
				CLANG_WARN_INT_CONVERSION = YES;
				CLANG_WARN_NON_LITERAL_NULL_CONVERSION = YES;
				CLANG_WARN_OBJC_IMPLICIT_RETAIN_SELF = YES;
				CLANG_WARN_OBJC_LITERAL_CONVERSION = YES;
				CLANG_WARN_OBJC_ROOT_CLASS = YES_ERROR;
				CLANG_WARN_QUOTED_INCLUDE_IN_FRAMEWORK_HEADER = YES;
				CLANG_WARN_RANGE_LOOP_ANALYSIS = YES;
				CLANG_WARN_STRICT_PROTOTYPES = YES;
				CLANG_WARN_SUSPICIOUS_MOVE = YES;
				CLANG_WARN_UNGUARDED_AVAILABILITY = YES_AGGRESSIVE;
				CLANG_WARN_UNREACHABLE_CODE = YES;
				CLANG_WARN__DUPLICATE_METHOD_MATCH = YES;
				COPY_PHASE_STRIP = NO;
				DEBUG_INFORMATION_FORMAT = "dwarf-with-dsym";
				ENABLE_NS_ASSERTIONS = NO;
				ENABLE_STRICT_OBJC_MSGSEND = YES;
				GCC_C_LANGUAGE_STANDARD = gnu11;
				GCC_NO_COMMON_BLOCKS = YES;
				GCC_WARN_64_TO_32_BIT_CONVERSION = YES;
				GCC_WARN_ABOUT_RETURN_TYPE = YES_ERROR;
				GCC_WARN_UNDECLARED_SELECTOR = YES;
				GCC_WARN_UNINITIALIZED_AUTOS = YES_AGGRESSIVE;
				GCC_WARN_UNUSED_FUNCTION = YES;
				GCC_WARN_UNUSED_VARIABLE = YES;
				MTL_ENABLE_DEBUG_INFO = NO;
				MTL_FAST_MATH = YES;
				SWIFT_COMPILATION_MODE = wholemodule;
				SWIFT_OPTIMIZATION_LEVEL = "-O";
			};
			name = Release;
		};
		2CF39ED129C6A9C6002D1267 /* Debug */ = {
			isa = XCBuildConfiguration;
			buildSettings = {
				ALWAYS_EMBED_SWIFT_STANDARD_LIBRARIES = YES;
				ASSETCATALOG_COMPILER_APPICON_NAME = AppIcon;
				ASSETCATALOG_COMPILER_GLOBAL_ACCENT_COLOR_NAME = AccentColor;
				CODE_SIGN_ENTITLEMENTS = "dynamic-island-tutorial/dynamic_island_tutorial.entitlements";
				CODE_SIGN_STYLE = Automatic;
				CURRENT_PROJECT_VERSION = 1;
				DEVELOPMENT_ASSET_PATHS = "\"dynamic-island-tutorial/Preview Content\"";
				DEVELOPMENT_TEAM = YS4RN3Q87M;
				ENABLE_HARDENED_RUNTIME = YES;
				ENABLE_PREVIEWS = YES;
				GENERATE_INFOPLIST_FILE = YES;
				"INFOPLIST_KEY_UIApplicationSceneManifest_Generation[sdk=iphoneos*]" = YES;
				"INFOPLIST_KEY_UIApplicationSceneManifest_Generation[sdk=iphonesimulator*]" = YES;
				"INFOPLIST_KEY_UIApplicationSupportsIndirectInputEvents[sdk=iphoneos*]" = YES;
				"INFOPLIST_KEY_UIApplicationSupportsIndirectInputEvents[sdk=iphonesimulator*]" = YES;
				"INFOPLIST_KEY_UILaunchScreen_Generation[sdk=iphoneos*]" = YES;
				"INFOPLIST_KEY_UILaunchScreen_Generation[sdk=iphonesimulator*]" = YES;
				"INFOPLIST_KEY_UIStatusBarStyle[sdk=iphoneos*]" = UIStatusBarStyleDefault;
				"INFOPLIST_KEY_UIStatusBarStyle[sdk=iphonesimulator*]" = UIStatusBarStyleDefault;
				INFOPLIST_KEY_UISupportedInterfaceOrientations_iPad = "UIInterfaceOrientationPortrait UIInterfaceOrientationPortraitUpsideDown UIInterfaceOrientationLandscapeLeft UIInterfaceOrientationLandscapeRight";
				INFOPLIST_KEY_UISupportedInterfaceOrientations_iPhone = "UIInterfaceOrientationPortrait UIInterfaceOrientationLandscapeLeft UIInterfaceOrientationLandscapeRight";
				IPHONEOS_DEPLOYMENT_TARGET = 16.2;
				LD_RUNPATH_SEARCH_PATHS = "@executable_path/Frameworks";
				"LD_RUNPATH_SEARCH_PATHS[sdk=macosx*]" = "@executable_path/../Frameworks";
				MACOSX_DEPLOYMENT_TARGET = 13.1;
				MARKETING_VERSION = 1.0;
				PRODUCT_BUNDLE_IDENTIFIER = "chollins.dynamic-island-tutorial";
				PRODUCT_NAME = "$(TARGET_NAME)";
				SDKROOT = auto;
				SUPPORTED_PLATFORMS = "iphoneos iphonesimulator macosx";
				SWIFT_EMIT_LOC_STRINGS = YES;
				SWIFT_VERSION = 5.0;
				TARGETED_DEVICE_FAMILY = "1,2";
			};
			name = Debug;
		};
		2CF39ED229C6A9C6002D1267 /* Release */ = {
			isa = XCBuildConfiguration;
			buildSettings = {
				ALWAYS_EMBED_SWIFT_STANDARD_LIBRARIES = YES;
				ASSETCATALOG_COMPILER_APPICON_NAME = AppIcon;
				ASSETCATALOG_COMPILER_GLOBAL_ACCENT_COLOR_NAME = AccentColor;
				CODE_SIGN_ENTITLEMENTS = "dynamic-island-tutorial/dynamic_island_tutorial.entitlements";
				CODE_SIGN_STYLE = Automatic;
				CURRENT_PROJECT_VERSION = 1;
				DEVELOPMENT_ASSET_PATHS = "\"dynamic-island-tutorial/Preview Content\"";
				DEVELOPMENT_TEAM = YS4RN3Q87M;
				ENABLE_HARDENED_RUNTIME = YES;
				ENABLE_PREVIEWS = YES;
				GENERATE_INFOPLIST_FILE = YES;
				"INFOPLIST_KEY_UIApplicationSceneManifest_Generation[sdk=iphoneos*]" = YES;
				"INFOPLIST_KEY_UIApplicationSceneManifest_Generation[sdk=iphonesimulator*]" = YES;
				"INFOPLIST_KEY_UIApplicationSupportsIndirectInputEvents[sdk=iphoneos*]" = YES;
				"INFOPLIST_KEY_UIApplicationSupportsIndirectInputEvents[sdk=iphonesimulator*]" = YES;
				"INFOPLIST_KEY_UILaunchScreen_Generation[sdk=iphoneos*]" = YES;
				"INFOPLIST_KEY_UILaunchScreen_Generation[sdk=iphonesimulator*]" = YES;
				"INFOPLIST_KEY_UIStatusBarStyle[sdk=iphoneos*]" = UIStatusBarStyleDefault;
				"INFOPLIST_KEY_UIStatusBarStyle[sdk=iphonesimulator*]" = UIStatusBarStyleDefault;
				INFOPLIST_KEY_UISupportedInterfaceOrientations_iPad = "UIInterfaceOrientationPortrait UIInterfaceOrientationPortraitUpsideDown UIInterfaceOrientationLandscapeLeft UIInterfaceOrientationLandscapeRight";
				INFOPLIST_KEY_UISupportedInterfaceOrientations_iPhone = "UIInterfaceOrientationPortrait UIInterfaceOrientationLandscapeLeft UIInterfaceOrientationLandscapeRight";
				IPHONEOS_DEPLOYMENT_TARGET = 16.2;
				LD_RUNPATH_SEARCH_PATHS = "@executable_path/Frameworks";
				"LD_RUNPATH_SEARCH_PATHS[sdk=macosx*]" = "@executable_path/../Frameworks";
				MACOSX_DEPLOYMENT_TARGET = 13.1;
				MARKETING_VERSION = 1.0;
				PRODUCT_BUNDLE_IDENTIFIER = "chollins.dynamic-island-tutorial";
				PRODUCT_NAME = "$(TARGET_NAME)";
				SDKROOT = auto;
				SUPPORTED_PLATFORMS = "iphoneos iphonesimulator macosx";
				SWIFT_EMIT_LOC_STRINGS = YES;
				SWIFT_VERSION = 5.0;
				TARGETED_DEVICE_FAMILY = "1,2";
			};
			name = Release;
		};
		2CF39EEE29C6A9FF002D1267 /* Debug */ = {
			isa = XCBuildConfiguration;
			buildSettings = {
				ASSETCATALOG_COMPILER_GLOBAL_ACCENT_COLOR_NAME = AccentColor;
				ASSETCATALOG_COMPILER_WIDGET_BACKGROUND_COLOR_NAME = WidgetBackground;
				CODE_SIGN_STYLE = Automatic;
				CURRENT_PROJECT_VERSION = 1;
				DEVELOPMENT_TEAM = YS4RN3Q87M;
				GENERATE_INFOPLIST_FILE = YES;
				INFOPLIST_FILE = MusicPlayer/Info.plist;
				INFOPLIST_KEY_CFBundleDisplayName = MusicPlayer;
				INFOPLIST_KEY_NSHumanReadableCopyright = "";
				IPHONEOS_DEPLOYMENT_TARGET = 16.2;
				LD_RUNPATH_SEARCH_PATHS = (
					"$(inherited)",
					"@executable_path/Frameworks",
					"@executable_path/../../Frameworks",
				);
				MARKETING_VERSION = 1.0;
				PRODUCT_BUNDLE_IDENTIFIER = "chollins.dynamic-island-tutorial.MusicPlayer";
				PRODUCT_NAME = "$(TARGET_NAME)";
				SDKROOT = iphoneos;
				SKIP_INSTALL = YES;
				SWIFT_EMIT_LOC_STRINGS = YES;
				SWIFT_VERSION = 5.0;
				TARGETED_DEVICE_FAMILY = "1,2";
			};
			name = Debug;
		};
		2CF39EEF29C6A9FF002D1267 /* Release */ = {
			isa = XCBuildConfiguration;
			buildSettings = {
				ASSETCATALOG_COMPILER_GLOBAL_ACCENT_COLOR_NAME = AccentColor;
				ASSETCATALOG_COMPILER_WIDGET_BACKGROUND_COLOR_NAME = WidgetBackground;
				CODE_SIGN_STYLE = Automatic;
				CURRENT_PROJECT_VERSION = 1;
				DEVELOPMENT_TEAM = YS4RN3Q87M;
				GENERATE_INFOPLIST_FILE = YES;
				INFOPLIST_FILE = MusicPlayer/Info.plist;
				INFOPLIST_KEY_CFBundleDisplayName = MusicPlayer;
				INFOPLIST_KEY_NSHumanReadableCopyright = "";
				IPHONEOS_DEPLOYMENT_TARGET = 16.2;
				LD_RUNPATH_SEARCH_PATHS = (
					"$(inherited)",
					"@executable_path/Frameworks",
					"@executable_path/../../Frameworks",
				);
				MARKETING_VERSION = 1.0;
				PRODUCT_BUNDLE_IDENTIFIER = "chollins.dynamic-island-tutorial.MusicPlayer";
				PRODUCT_NAME = "$(TARGET_NAME)";
				SDKROOT = iphoneos;
				SKIP_INSTALL = YES;
				SWIFT_EMIT_LOC_STRINGS = YES;
				SWIFT_VERSION = 5.0;
				TARGETED_DEVICE_FAMILY = "1,2";
				VALIDATE_PRODUCT = YES;
			};
			name = Release;
		};
/* End XCBuildConfiguration section */

/* Begin XCConfigurationList section */
		2CF39EBC29C6A9C5002D1267 /* Build configuration list for PBXProject "dynamic-island-tutorial" */ = {
			isa = XCConfigurationList;
			buildConfigurations = (
				2CF39ECE29C6A9C6002D1267 /* Debug */,
				2CF39ECF29C6A9C6002D1267 /* Release */,
			);
			defaultConfigurationIsVisible = 0;
			defaultConfigurationName = Release;
		};
		2CF39ED029C6A9C6002D1267 /* Build configuration list for PBXNativeTarget "dynamic-island-tutorial" */ = {
			isa = XCConfigurationList;
			buildConfigurations = (
				2CF39ED129C6A9C6002D1267 /* Debug */,
				2CF39ED229C6A9C6002D1267 /* Release */,
			);
			defaultConfigurationIsVisible = 0;
			defaultConfigurationName = Release;
		};
		2CF39EED29C6A9FF002D1267 /* Build configuration list for PBXNativeTarget "MusicPlayerExtension" */ = {
			isa = XCConfigurationList;
			buildConfigurations = (
				2CF39EEE29C6A9FF002D1267 /* Debug */,
				2CF39EEF29C6A9FF002D1267 /* Release */,
			);
			defaultConfigurationIsVisible = 0;
			defaultConfigurationName = Release;
		};
/* End XCConfigurationList section */
	};
	rootObject = 2CF39EB929C6A9C5002D1267 /* Project object */;
}
